{
  "version": 1,
  "files": {
    "AGENTS.md": "879e0fa47a4def54659f16512c39f7aea18c80014978775b9c53201d57968ea5",
    "CLAUDE.md": "c386b82f5a521c8a48f23a65c1cc8f1525e6927de0f26eed9b1e1a612ddc91ac",
    "LICENSE": "cfc7749b96f63bd31c3c42b5c471bf756814053e847c10f3eb003417bc523d30",
    "README.md": "763436b4eea935ac478727292647879b187f4d61da2b42dbf98fd6a45df7259d",
    "app-manifest.chassis.json": "be97083049b8c9c585cff060bfd8fd4ec32482a132f37dfd7f56de9641fb4c23",
    "app-model.json": "fc83072cbb501a55194fcce5ff6a3cc24bab8d083fb2f5f9a8d6e6cc930706fd",
    "backend/admin/api.ts": "18f9c7e9391fb913db64a016f3bb830f83e8c6fb2d8183e80a3d8324fcb54628",
    "backend/admin/encore.service.ts": "9b78527174a3a9a56a1a57aaae02dd0cc0fc6d8d8ec1d85d0f7a43bca6c5b6ed",
    "backend/admin/gate.ts": "9b6d534b1652be85c5d242184ae4b09970248c12529d7409ac3dd7d728705e78",
    "backend/admin/ledger-schema.ts": "cc4073dbf425429a0e13756993d8e51549720b768eed18e21aa1115fbee06206",
    "backend/admin/schema-plan.ts": "6246f5b8d832d72a390e5a2afbd131929bd11d174b856d0e84693f8546939557",
    "backend/admin/schema.test.ts": "b7e88ac7baf62ec68b73c21af2a92b059eb1aa0d3d80edc314737bee2a6e7806",
    "backend/admin/schema.ts": "93c0bbd0bb4c7fd519b09eb8d217b851eb3b72ff8d189cf4424f4271fef31104",
    "backend/admin/state-backup.test.ts": "317438b1b569164f3ba9e218a655cccaa0417ee8cdde9b9a982245d3856fa8c3",
    "backend/admin/state-backup.ts": "6e79c58f8c1f870ee1f1bf8761ad336fc5543e7cd5842d8d9007ec7fb8922fb3",
    "backend/admin/static.ts": "0d9b75f993463de44e868be4d6a5e41b9667c36449fbf0a48e2bd093e6e89a13",
    "backend/admin/stream.ts": "f6ff7fd5549d62da59efbc7b4850a7ee30ff89edeeccc24afda67caf6ec5f850",
    "backend/auth/csrf-token.ts": "72573a3cb3fcb93e3951af40a683a5054566442f64b2f5a421faf9650b107ac2",
    "backend/auth/drivers.ts": "b27976b50eb8398c00a03bd6ccea0fb0ee667c7988d92b7bedc00534debb35ee",
    "backend/auth/encore.service.ts": "313a1e0659b7d9bb259383ca1b25feea682b1df285e1aa8ca9ef7d50c84c0aa7",
    "backend/auth/entities.ts": "bebe6d72d020334d73540ca4d58c69cbf9284de5f21dc1681ce7fe5fc6a6836f",
    "backend/auth/handler.ts": "03e43ff0a9498f7a34ca3371aabc6b810657c70ce9738dafa51f002925ec6476",
    "backend/auth/http.ts": "6e4a3b412821baf960d8cec01e8bdf3b595fdc759a847be3f5704ad1cc9611d2",
    "backend/auth/logout.ts": "4ce2315b0de63cbab8ee9cf5417919a904977a15374c77368c74792e13f06d7f",
    "backend/auth/me.ts": "2789f8aed348c9777df1edf060be1a321abc654d7c432d95e933415c06e36a7e",
    "backend/auth/mock.ts": "e1ab9c718f6affe03995ad8c0cd1a767f81122859e6ba77d32b5cb3fec28c564",
    "backend/auth/rauthy-logout.test.ts": "d348839de40c41fcd280eaaee73738b9b7f59c8f06322a9b01504480b6038e48",
    "backend/auth/rauthy.ts": "59db2e45f483241b8187403934e629779e3d6794c65e0507773d02cc3db04a7c",
    "backend/auth/refresh.ts": "a3d227e75deacae53c3081e9eb310ffaa92d03c8d066350d8c23faa543bba18e",
    "backend/auth/service.ts": "c650f333de6ce7477e62c7371cdeedc4adb58b75931d42c1251556a457c065e3",
    "backend/auth/session.test.ts": "c2904e888e617836af6352f2939be5fdf3b60ac9851278d103fdabadda74ed9c",
    "backend/auth/store.ts": "038ea506d62551c15b9b8c6609efbaabf933461e0ab82ce4bfefac1fdcc1f4f1",
    "backend/auth/types.ts": "6257ee7842f5acb583333415fffb1c3845d831532bb8cb4dae3586a3fd0d422f",
    "backend/control/admission.ts": "1885c4713cf5c89ac258e0381e88603e4d9f872d75c0bf9cc7c62290a2eb54f3",
    "backend/control/control.test.ts": "886ea285f5b33065851260028791ad6d073c5bfff71e2df9da35c191d36bb89f",
    "backend/control/controller.ts": "f0243cdd2d192c2e9d36a03277ba2cd9660843be31f93f08bebcc04c670d331a",
    "backend/control/encore.service.ts": "462bc8ec77c4c218240c882f47b9be377991084bdf7fb0597b40d8207b3a0c49",
    "backend/control/index.ts": "d63d5f20934747a08550af70aced081d60b5b011a5dde407f4dc485601318a2a",
    "backend/control/kinds.ts": "ebf5d1905aa8fdce5314f7da56af23ae5b71343ce372adb1b0c9a588170a14fe",
    "backend/control/rows.ts": "a0ffc157d13a566f91a203f9b6b4c9d47aea95cc37a8e5289b266839e8851cf5",
    "backend/control/schema-gate.test.ts": "4072935207759675a13083c81657f09d44052f755c9804fbb80168bd1dc249cb",
    "backend/control/schema.ts": "35121468ca09d84ed331a6826b7d9d8a5b5ac2bfeab07f2c747732a91582697a",
    "backend/control/watch.ts": "3d61e99323609d573ae9ea513d0eeb4c91541ef0db056ccd7b62bfa45099a11e",
    "backend/core/ledger/decorators.ts": "4335a488c8329111db0e281484ee30711c5c8a59ee05d13859d936e19272e0aa",
    "backend/core/ledger/driver.ts": "657597e1e94332b054d5af35c5a6f016e3ff94726be777f02415a7980c32c30d",
    "backend/core/ledger/from-env.ts": "d0c630c2a61926afd09ffca80e5f45c2d92cadbb72fa5e5d1be3bab57d6bc626",
    "backend/core/ledger/index.ts": "ae9395b7afdb2aaf24d470d8ef6e5ac5621d63f48cb10ede786e3bde7f0bfe2a",
    "backend/core/ledger/ledger.test.ts": "3afb2607543825f4231f478ffe24410ef561c50b528e3b1747ef505071c44cf2",
    "backend/core/ledger/ledger.ts": "949228575dfc6fd3cf66afd7e2bd45b29d230164d494dd271178b3f46ef78208",
    "backend/core/ledger/libsql.ts": "cb0ef199206f2bc75c5ec2b1e8a7adfffa4b3d38bc8c0eabbb596b0e58f47506",
    "backend/core/ledger/metadata.ts": "9e5f69afd10fd61fe6f14cd99fe4600b59796b22d1bbe3be6ca9554a0e64c1fb",
    "backend/core/ledger/migrate.test.ts": "20a0f186196629b65deefbab581ce142655e200781f03fafc9a7424b358a29ae",
    "backend/core/ledger/migration-list.ts": "11f4750c49b614310c83d233b74619e383fa0d2529e8df25349b18d625604824",
    "backend/core/ledger/migrations.ts": "e0edc07290e4e4f8cff295473985901439071b7964a65b3928b2fd7da87548d9",
    "backend/core/ledger/postgres.test.ts": "ce4ab2454897cbefa69216c9e11617b73e313c9e3c1b01da0f509813197cb518",
    "backend/core/ledger/postgres.ts": "3a2e239c52ecf57153a73724d1c8ce5ba5858f5f6fbf1bcaa1c3a9cbd978afa6",
    "backend/core/ledger/repository.ts": "91c9eeb94fef526105121768b9a1a568b23508d3baf01863f231c93ca98ff146",
    "backend/core/ledger/schema.ts": "e28a5d78f752a2b4ea8d7f488ed31862ef78f8c3a39f795b278a79bdfdf4556b",
    "backend/health/api.ts": "b21d64ed27c6c3b37756d4260ef507405fc4267c29da3df86965216944028a58",
    "backend/health/encore.service.ts": "90af49251a274310c509667edd59d88617a23aad5aa5c7a46555901b98b41885",
    "backend/hiq/api.ts": "c846060dfeb8e292e4413d88ee6173b7c3950d158016e0efe6d6f90dbb324bbd",
    "backend/hiq/encore.service.ts": "e98fe4e6393a8285daf5d402f0c730c5e524160ce82b5d492626dea26793e65b",
    "backend/hiq/init.ts": "a9653d1d7a69f05ca9be9e5e9ed66be11a418735981c10e79bfd7d9956197938",
    "backend/hiq/lock.test.ts": "078e09419f5c5dd3c03658e68493b51231dafe4bcf1eccb0c604fea0265feed4",
    "backend/hiq/lock.ts": "8d6fac3c4675b2342fda9fbf6ce4200fc2c9df6be70f4f47c579f6bd87db0c14",
    "backend/idp/encore.service.ts": "5b4e891fe7c2d99950c9512bf29c2a45f38c316b3356776715253b1a0377b2cc",
    "backend/idp/proxy.ts": "3ff78487667a15c0c24daedfa7b23ea38603dbb0ceaab5b5ecc383326151fa69",
    "backend/kernel/adjudicate.ts": "7c0a3664c5460bd6c432663909c1446803ddb2988216235967767138ce52cb5a",
    "backend/kernel/boot.ts": "4ba09b2d14463f63233fd00013f96e077c2d429648851d37999ad4a3a6c1ce6f",
    "backend/kernel/decisions.ts": "b289064a0e04e8cfe3b3a7bafe66792cf29df68c2f06a88e78ebb390e02c4367",
    "backend/kernel/egress.ts": "4ea8c5bce0e5efbd16112044f210113c28c6126f1ddcd6eba651929a7767ac5d",
    "backend/kernel/governed-driver.ts": "4261192b720e2f56b492e014fd039bc1a62db9234746a24531338f7576fa695f",
    "backend/kernel/hiq.ts": "258f7679a7108a07ec274f5b3be52fadf645b94f9a4539ce97333571e3cc6ea6",
    "backend/kernel/kernel.test.ts": "043510a4176b2b88877722f75742f276f930baef3d0f39def361cc76d311828e",
    "backend/kernel/ledger-integrity.test.ts": "a153d6dc4ee766ceb1fc2799fa4e4a38e4c08b1164c6dce613d12f925f824236",
    "backend/kernel/observe.ts": "4c9a273da841bc5519185823d00831fabf5d447a5e915e293165adca94afdcc8",
    "backend/lib/audit.ts": "026e89f5343a70cd2d3182514e4c458121342833cc7f5b59df615f21f652b4b0",
    "backend/lib/client-identity.test.ts": "880a2e0e3bae0623423824f869318e82524db5830f75b5e042185316e4c85c73",
    "backend/lib/client-identity.ts": "21ec2974437df62e6e57209504e635cc702251ac3d909e204d031397741cb83e",
    "backend/lib/cookie-config.ts": "dae575f387cfe70f8726f72bb0ca027718dd2a02b2dfe326136879b126bfb5d0",
    "backend/lib/cookies.ts": "d0e5a9867a40411b6bc84c2a223fa53680dfa880b78553a50969b765c4a6881d",
    "backend/lib/csrf.test.ts": "e801b8afa041d841459bfbf42eb8eeb3493698c9ba177d73f49f5b8c2fe1ac93",
    "backend/lib/csrf.ts": "73c15abee5e9789b3034538747b7e0d00bf7588f4ec9b4e6fc3cc7a9c5e75854",
    "backend/lib/encore.service.ts": "2c9e255902ec1dffec3ddf7c5f33ed0efdd4bebabdb6a2fba73c9443aad3bd34",
    "backend/lib/env.ts": "2e188505de347f909f9e11960bd67019e6125f83cd06120a720baece6cd8130a",
    "backend/lib/jwt-verify.ts": "483a66cf68de8bee329b2a72e20490ac5a0f87abdbb249c211838aea8965ebe5",
    "backend/lib/jwt.ts": "037c056db162b80b23ea47c0300b32f54025f374030cb6ffda561a2a18539b71",
    "backend/lib/logger.ts": "a19bceeabe9a153326f0cfec2956683a72ec2b1c1401741d4cb501c4d9690651",
    "backend/lib/rate-limit-window.test.ts": "75fe7c7178c76dc8346abd45d55e9ada2936c78e372c23e1c80f5ccbc51aa7d0",
    "backend/lib/rate-limit-window.ts": "685c76301218f3f736477fa334893b3a718066508c267eda334280625e78e414",
    "backend/lib/rate-limit.ts": "b4f7cb5560f165f343a73ffd12a55a7e54d4d704bf9e2e6d8875444a6ca32f02",
    "backend/lib/roles.test.ts": "8c05e04e2d47d7a8958c775975195480d0693bbd31e0bfd328e48d22aabb4cfb",
    "backend/lib/roles.ts": "4dbe26b63ea2f595f7b8c96cf8b2c539e44f24026095e9cbeb7fb44532a4dd83",
    "backend/lib/secrets.ts": "7cc524a79de1dfe8fcd2a5499062cf044e7ca66233ad5b68208967f51dd99a3a",
    "backend/lib/security-headers.ts": "4a79b7483419db0cbdd9873a41a08827e29ca17b31c754dfcaa826486c87b2aa",
    "backend/mail/api.ts": "229e61a9fca14160fe5d67b20659811ea0875915c09d30343602f4cd4751c5ed",
    "backend/mail/boot.ts": "5cf8c8310fd8adc66c253a22858b324da8358ffad65a02604d706d5a0b7b107c",
    "backend/mail/controller.ts": "4c5fea23e3088cbef54563969838f45f8e206a101bf23d396fc34a9c1d4ec92e",
    "backend/mail/encore.service.ts": "42ec396e3557464f14aae9cebd0c7da711f018a862c0a6437b99f640118409d8",
    "backend/mail/index.ts": "29e5e668a02d4486a1efb9280ef367c9b500356bd6f68b3feed2d3234e96aeb1",
    "backend/mail/kinds.ts": "8839fff9c0d4cf8745cfc7cb759f640fb88320333daa9c5cbde81b2fe37c899e",
    "backend/mail/loop.test.ts": "21270944180229a161cd691709df431507091c8b6fe6525e044766c07baf6a22",
    "backend/mail/mail.test.ts": "c9639a4f36cd1d26e35151ae74f8d08be26b53c719eed63a67f94d7bb758e017",
    "backend/mail/notice.ts": "e18f868184f48c9467cc61228c22ca9437b46b0421e14990adc4e79e401756d2",
    "backend/mail/render.ts": "36bf29d67eb5f019bb3fee939c5dfb72a5aad327ee39a45f22c8d8863a1677ec",
    "backend/mail/schedule.ts": "7c91c01c9c61e1479fb910906b5bdb68e18c088db8488f7929046db221cb42b5",
    "backend/mail/smtp.test.ts": "8b276a8e621aca67b872bcfcca6477da13113d65e78e16a282cf8ac4658ac8ce",
    "backend/mail/templates.ts": "1f59946245506eacf6e10c9aadd7e32ddb4d4a986ecbaa790439653a82feb343",
    "backend/mail/templates/dues-receipt.txt": "4753f0055f6308f62c32fd4b4edf83de56aa9fe7af2ff790b0b051abb891d191",
    "backend/mail/templates/dues-reminder.txt": "88c205afb01da744900f31d30e5cbfc5145b1e138b2d80223ea7e671704434cc",
    "backend/mail/transport.ts": "12ac13fb4cee76ba618b2fa77e373d8150df7679c6704aef3fd947a94e1ed113",
    "backend/members/api.ts": "254dad8db50253529f9edb6a702e79d283ec7bfe1f07d56f512f8443dbd9f7c7",
    "backend/members/boot.ts": "c206cf194d10a8119c3e969e59e61112883e0f482f22da4c70105cf59b748f92",
    "backend/members/controller.ts": "b02a020b164e5d40e35e5bc36fb191e25539ccc2aef233c5d17dd53357487f91",
    "backend/members/dates.ts": "ef1ebc73b1a4ae3a14afcbe54ddb5910e0043b5c9db2962aad2a8ee439bc1251",
    "backend/members/encore.service.ts": "b81d6852343b20f50c5093cdd8b38a6568820eede89cdced0b76f68f17d87962",
    "backend/members/identity.ts": "a0d57d9b238c30fb056b08125a96234d3b1c0fefe93033024cd816d48b84b4ce",
    "backend/members/kinds.ts": "fffd7b8e3814b1ae1226f17cc4b649b897358932d430d631bcb347e3112d2a69",
    "backend/members/members.test.ts": "e2f8a900d71c7b38dd0de64624de5faa8e3a487e68e241c837333d189a4d2fe5",
    "backend/members/renewal.test.ts": "668a696de1f101468ed6af54517118c9e4cc20b3c813569bdaba24c3855927ea",
    "backend/members/renewal.ts": "324f14ebbbd818f9c29f8398b1ef872d700a0ec0d5afb689deedd4bd358e6505",
    "backend/members/store.ts": "f924f38ec178b4250c4346984a8f9e6376d92b1dbf0b80220688587a34686dd6",
    "backend/members/tenant.ts": "e203c25c17861336c5559943cc81953a2f9c9ade9198d41907eaaf75c280b12f",
    "backend/obs/api.ts": "aca38be431bbad06afd64201d4503f43e1c01802d905fb425d5758a984ee2b26",
    "backend/obs/buffer.ts": "fbd1d8a45d09b071316ad3bb6fe65c147eeab0b93ec0d5a5688598650b0e378d",
    "backend/obs/config.ts": "6e36180a663cc4b426eaa0dd3e5dc3266b0d27ba3270f5f878329c3b1521f552",
    "backend/obs/encore.service.ts": "0c78a3743c749e821f01dc0735a092bbb7540aedd8c3dbbb40900417f3f12e8c",
    "backend/obs/instrument.ts": "8c0da6006a05263ea6b7c50c12d8523d31f9fd5ce3ca6a8d9d31b6f18c634fec",
    "backend/obs/metrics-auth.test.ts": "ba1d9f5694112a3a175dbd5003f0ff9c8462446b838fa7e40eda56b3842096a6",
    "backend/obs/metrics-auth.ts": "d10a6addc308a9bb9d4a5631e70dd78b732f4f546c8d46dc53013f7895255675",
    "backend/obs/metrics.ts": "b6a41444cfce8892a53ac78b25cc38c0692a80f8fcd09a4e49ddd5d9c9580565",
    "backend/obs/middleware.ts": "6c9ae5034bff15e67e9464e57b3821d04a04542ff124c73a157ea1caa1160f21",
    "backend/obs/obs.test.ts": "2ad5f474057be0dfda8c1e9032378898e3ae920cf9478000b2fae6650cf0a10f",
    "backend/obs/tracer.ts": "c6ec1ebd35bcaa2795698568bc69e82ad86251adf84cf8b8294e05f766b5d9b2",
    "backend/obs/traces.ts": "5649412934c29ee4e45efd14ee3f13237f8446924178d8fbc0caf70e6f040ce2",
    "backend/state/backup.ts": "ade667dd96b22dfab1d922c5b9d3d88568058737fa9e2359991ac7ad5cb122f7",
    "backend/state/encore.service.ts": "99af49308b734ccfaef9e2ff0fc78a79948186209589032b73086df2e11c8f70",
    "backend/state/index.ts": "1719367ce392169acad368399f6ec1815af506489b216537142bff4d1b5afcae",
    "backend/state/lease.ts": "eed592ef2423843dc24a25d98ce98e028d794d332492b6599c6354f1d9f79a17",
    "backend/state/migrate.ts": "6b917a5cca2cea02651379aff20ec4a2b7705e0ad672d586a9007407a2f63e67",
    "backend/state/placeholders.ts": "6ecd9759b5a014aee0b4db6b498574763e8c57ce8dd2f31437ac38b3f624f0f4",
    "backend/state/sql.ts": "47e6e5e12365496f60fdb99c38ddd7d07dbc14ac18f1295038e14f3b8ada123d",
    "backend/state/state.test.ts": "08cbb54129142f4d6f68ac145177e8b97f029fc0761eb80067d31cc1332f52f1",
    "backend/state/types.ts": "80b994b0db1017d5ef6233dd1ea4e581156dc3341e7dbc8e2f50249a5eeeb5e1",
    "backend/state/watch.ts": "eae5310f18e469625d9e60b80cfd7e72632a8e5c730ce1d99d2fd185f06dbf43",
    "backend/web/dist-admin/index.html": "dd84890f0649654d57c276a996f3d51bdd6e9115d692a1479b3ac87c05815606",
    "backend/web/dist/index.html": "d2775400b65bb37bbbc37c09425bc2bd8a1db71d320e24442d438e7e8cd90d30",
    "backend/web/encore.service.ts": "3a623b1b18645cc2c77ee06e52493f8e741bbf8079d0deb20924783b72d784c2",
    "backend/web/static.ts": "664a19de7d0dbcfb7e37efae162f24df5fec28d1581651bb304cbae5468c56ca",
    "contracts/app-model.schema.json": "a44abe1c1674ba9e2e9036637f995aed58995fedbb166be5e8b7e7ef93ae6d83",
    "contracts/examples/statecraft.app-model.example.json": "6257a9c04f643da0d0257f3dba7b3c7d8e371a7d5ad749cf116746899117a082",
    "docker/Dockerfile": "7b0074a44eacce4efea751b10be1e3987c89d295c0905e2e0ccf0d8bb6dacc56",
    "docker/Dockerfile.base": "c738e5c6efff7eff74521e0a0a9002851b2db1a8400b8e2c9ac7753dc2677df3",
    "docker/Dockerfile.dev": "cde4a8e0ff0943e337579a9452f6c44bacfa475f4c64b4be7de534e415327ac0",
    "docker/compose.dev.yml": "e98811789cd559f17d11602abf209ce55795c0cd863ca73eae75875fa52282f2",
    "docker/compose.yml": "0ad673ae6747aba9b175807ef10bb5be9f8da3b074beb5cf8656569fe94b8cdc",
    "docker/entrypoint.sh": "55e7769612cb7027ce4b9319846614d3062b0655af725fbeabcf17e37746b9ec",
    "docker/entrypoint.test.ts": "833644ba60ab0be84c46a2559b12c3f0723ff89f426713e0814a97a2b9e5dff1",
    "docker/first-boot.mjs": "b0bc92fc4f180bc3f40e3758ffb4729b2107bfd2928213c94d0c766ba2241959",
    "docker/first-boot.test.ts": "734f4f81537374d79f704755c456d2aa6fc482fe80dec6547cb44c9832337dc5",
    "docker/rauthy/README.md": "06613bea836f147daa87df7a680ca95f91c2fc2ae0a516a24adb80f457b85bb8",
    "docker/rauthy/bootstrap/clients.json": "f3808943a6bf2907b2a8482835c1ab6b1134081c26cf439526ed58e5c5636ef4",
    "docker/rauthy/config.prod.toml": "50e8cd1af7516e2aca17c11a23bfb52465412dcad8479e1c774f7cd75d09e082",
    "docker/rauthy/config.toml": "d968c9b0e0b12d73bdd5d5d256e1e078261d084074dafa8cb1054a455dfa185b",
    "docker/smtp.env.example": "2852bb68abd8ac763134d4c442f7cf3f622225a0828f638f8ebc23feefc66be9",
    "e2e/global-setup.ts": "44641b72af28c862596cce6899fd1114e64a07b39fbcac2f3573672294bf422f",
    "e2e/global-teardown.ts": "b052eaaf1a99c739c75bbf33117c73d7241b4b62cc35faac34374eab42b99362",
    "e2e/login.rauthy.spec.ts": "d3deb598e19d1b51a88d75a112ed1cf578f32c85b159296d4cfc68ac637bbbf4",
    "e2e/playwright.config.ts": "6b01f05b3ca6df70eec394ba09e334681f24e79c3642c1b75540aba763ca1ce0",
    "encore.app": "add0d28b0211f13b32124ec9c9675271c0803866fddf5b413cacbd52d1f51072",
    "frontend-admin/index.html": "31e9581a5fbfd4cc9f56f9fdd4387d81d6f88c6bf792e35a1e46663537cd53c3",
    "frontend-admin/package-lock.json": "496dc290654c90820fd16a36fd1b3660a237c5e1d01863ea8ee01204f14f0514",
    "frontend-admin/package.json": "ac733330cea224328c0040a207aebf2c30f95dc023b52749610ef8141aad3211",
    "frontend-admin/src/components/ApiCaller.tsx": "643aec6fd9e99350983ea7f20e8fee52db40b66cd501f9db94fd43fc4094571d",
    "frontend-admin/src/components/Badge.tsx": "4e6575d6093a281a9b6a411f85d845fce04febc3197fc56318227263da4ae3d6",
    "frontend-admin/src/components/Waterfall.tsx": "e2d0338f4942bb92254bae03297851ebbbce0b69c03a2f2bbbd0bfa3b0da7286",
    "frontend-admin/src/index.css": "fbea676a2640ef39b1a59d26706a3f365f7f7544175264f0cd4d9a9d88d309c1",
    "frontend-admin/src/lib/api.ts": "3e9c5f6823d71c72d964896f17a1b96fe9af74317fb6ebc0474c9c39d6d6fd7d",
    "frontend-admin/src/lib/format.ts": "a22a476518ff80065fd6462fde4082edfe246541debbf58fa676c5a62bf46a0a",
    "frontend-admin/src/main.tsx": "94f4c784c523de66c8dddad349007d5defacfd0c0e1ca368df2d2cb2b96b23e5",
    "frontend-admin/src/router.tsx": "0325573e8f70f80fdf9c848536910037377416882dca169cae40787b9bec0c24",
    "frontend-admin/src/routes/Catalog.tsx": "a7f7d5576222a16e2993f985099f41ec07a35b774eb5f134cd69daa7bcd6363f",
    "frontend-admin/src/routes/Overview.tsx": "678bfa96471901d326dbe4b2b2d4d127006db40aa97c166b64a045a805f295ab",
    "frontend-admin/src/routes/Root.tsx": "b3b1a141d5c513db4c060ef295dc917998f9dbe7eff1555b1ce4a6346d32e075",
    "frontend-admin/src/routes/Traces.tsx": "0645e86c8fbe90dcb19a4bf3a3af01c100b838261aae740bf73b9b2850d67a71",
    "frontend-admin/tsconfig.json": "ad35815426fe58e3c3497656fbbdc51c5e805bc2f6089389f56fec5e35526aec",
    "frontend-admin/vite.config.ts": "513b4b4833bbc00d19d04b28821c237a4799036978a22a492d0a926cfbc8c894",
    "frontend/index.html": "3a19f5686e28a285d60ac37a141232935b9b88a4d5ccf4364aa784bdb057fd8b",
    "frontend/package-lock.json": "ba95f0f3affc7d1ab70a3fd7cc8312e126a2780010e327e27fdeef60b24a86ba",
    "frontend/package.json": "bb1f6f40652cad136d4c72071a53eb7fe4b237fc355040ae94ccbe3972e8d8e2",
    "frontend/src/components.tsx": "70be553d637e7d2428a39f740186c733f77e3d198a10e79b0225f62a9dc2d705",
    "frontend/src/index.css": "e4a008d8b4797aed06542b90baacdce0fdbd4f8c8a05aae2ca2bc7724223cf85",
    "frontend/src/lib/api.ts": "9dd0291c1183b221984639e7ffe7ee9985121a31235b32f57480a65ed7c1c511",
    "frontend/src/lib/members.ts": "07ac93c449116d19195ecaa1cab4cf18495aeae33e27db90eeffd79f2318c78a",
    "frontend/src/main.tsx": "94f4c784c523de66c8dddad349007d5defacfd0c0e1ca368df2d2cb2b96b23e5",
    "frontend/src/router.tsx": "2c6f680727362b820a6cb6c94dfea76b02a0c8695260d50fcae67f3ae04c7dd1",
    "frontend/src/routes/Dues.tsx": "c51f94e4d4497675eee78037fca7fa9b2cedca3f9e22c4502d519a55bacf7e37",
    "frontend/src/routes/Landing.tsx": "8973a3e86c00ab2fd02c66dc2a7538ec32bfc1b81735a083a0dd7ac492d656d0",
    "frontend/src/routes/Login.tsx": "b453c5486a627f636d71bcee9884f75d336a8ef220a0f263686febc68848e958",
    "frontend/src/routes/MemberDetail.tsx": "de910e7fa939ecd8fe480b65b788c6638181b8b49c2c80235010603e973c7722",
    "frontend/src/routes/Members.tsx": "5d1a9135f2a18d1d271c77eacd9302223da3a5ad0f9deaae832dfe28c4867aa2",
    "frontend/src/routes/MyMembership.tsx": "29c4618b2431dc19d5206955594fd45b20735e7e2051692598fc5046a7ec99dc",
    "frontend/src/routes/Profile.tsx": "efbf17359d96871bba09b48fa2f99969cfc4ba894dc58e7f1acd62267fdde8a3",
    "frontend/src/routes/Root.tsx": "eddd8971afac2b1d7c46ba7c8e6f2f5b67b4a6808495a2e00664cbfbd06645f0",
    "frontend/tsconfig.json": "8d57a98243457a7c8f935df969da4cd0f4e49b95b4abd128002180ad097104f9",
    "frontend/vite.config.ts": "9a69a3e90f677af7d4b8278d8960c0002848be352c9f901c89c649cf70395648",
    "package-lock.json": "f521bfd9997dd85ca72335f713d960f557f0fcf4679aa47fc629457ef21f33a7",
    "package.json": "6d9a584b59183686f3621b8167a045d14c0ef27484c1352465fbeecb96f4efcd",
    "scripts/airgap-bundle.sh": "dfe8203a3ece5f7b6f58ac3255cc1e194d48cdd029b3673bfe0eda6b90b4563c",
    "scripts/airgap-bundle.test.ts": "81d9996e02eacf5a4a140be6040b695eaa006f3c58ae8ac422c04776d68c829b",
    "scripts/chassis-boundary.test.ts": "220b6b100ee508f098d06afb1f89fa08fa50e581458e1f3bea9ecab10a29e46b",
    "scripts/chassis-lock.d.mts": "12480e8a55a9fde010e723745ec024a747bc1b73878cea07a7bf079b24b158ad",
    "scripts/chassis-lock.mjs": "a18e6aca1508e2ee450889b5ddc1c28c576a56850ef6294b62ff812d4eef88ab",
    "scripts/check-licenses.mjs": "ca928a2bed676d4454811e13fefadfd48357d43e9d71853241182fcc5f1ed9cc",
    "scripts/check-licenses.test.ts": "f3f9ee3092c20704d1f2c3b75d73f6da3ba0a3e573ea93d7b90847fca66aa4b9",
    "scripts/dev-watch.mjs": "05c166c6657b9ca97595a907d038aeedc608f26862202a16eb60997b871816a3",
    "scripts/docker-build.sh": "84ebf2afedf7ddbd5e45cc59ec3fc849d0f82e7de250620bece511383b435c09",
    "scripts/fixtures/born-with.example.json": "7ba166711e72656b5af3b7ac544af1bd34b4f682f0dfd782f9ae8c76f569ba6b",
    "scripts/gen-infra-config.d.mts": "1acec2ed2821f381150f311b355e758899aa9042771c4ce7927b9305410e5183",
    "scripts/gen-infra-config.mjs": "bbbf766d862975465f52508ef0b802669117f5da25ffa7409226c81706e8032d",
    "scripts/gen-infra-config.test.ts": "4a9991c1a52339ced9bd2546d65324342e2758355a78f2df2c28ca287df97fa3",
    "scripts/gen-manifest.d.mts": "5b0d3d5d721b189a897364792f3c4ddb51191d11cd859e9c609a035fa73c793f",
    "scripts/gen-manifest.mjs": "8e6844bb1e2f9cd2165ca323bfe5c530647b0eac87637e0df8ebf49491fa57f2",
    "scripts/generate-keys.ts": "320f5eb1f45852448b37213caa1e592039f5f1263e794ba3f77371fd158059e0",
    "scripts/ops/admin-plane.d.mts": "26efab9920e3be832aa5ac4e7b022432b33ec1588def286f1a607ae46cff8dbc",
    "scripts/ops/admin-plane.mjs": "d55a4c6e420c0d7c0c1e1a6bc6d7eaa9dea81dc766576a25de8cdb1cc426b35d",
    "scripts/ops/archive.d.mts": "ca9e2759c9725ff132f042c4d61bfd1ca3a3d82dc3f44a69fea0c3dec09a79ea",
    "scripts/ops/archive.mjs": "78c32d0f35daa99e479d80e66428b46c63180a19f37b6b52dd8dfe7b809d5598",
    "scripts/ops/backup.d.mts": "af625d0b1dd61c175046cabed766f07ef35ed693da2e089c44ead1c29e4a47d2",
    "scripts/ops/backup.mjs": "6767f18259ca322dfbf72221aaa0ec802c761667548e914db8f70004d65a2d1a",
    "scripts/ops/backup.test.ts": "b8c184cb38b95d300b0d09bce293e8808d6042a0255646ae618ac8a5634448b4",
    "scripts/ops/migrate.d.mts": "c6bf2c88e9d56a22802f130245008a5c35057c7b06472bf2dc468bc9f17675fb",
    "scripts/ops/migrate.mjs": "88b3c18915d18068ee0a2f3a33c8fcc442cc6e6bad93d2e48afec88d439ec443",
    "scripts/ops/migrate.test.ts": "f2b39e361c397fdb64820f04bd684b72e066d4f7d938431e190114a26e54db91",
    "scripts/ops/preflight.d.mts": "014b242c90b6140c8d451f9cb520bb1cb71cb031fe6659574508147c25c84fa7",
    "scripts/ops/preflight.mjs": "82259beffdbcbb9271b1ac55b9b81ddf5c853219555c0536bfc47c0184be4250",
    "scripts/ops/preflight.test.ts": "8686c4c5a93cfe984b65f26d0b6386f571d381accbc76bbccbc993e6ae0a1537",
    "scripts/ops/restore.d.mts": "f97cf5428cc84c1165922c81ceca7fabcf87bb62fa5cb703c522240249a362b3",
    "scripts/ops/restore.mjs": "4678d1583f3d344ed768ea4774ef72f5886cbe4f0a65aadf6c5b815879c1e07a",
    "scripts/stamp.mjs": "0f4a7f17345be5b2eecdad7a4ae02c3ca02db1b00657388a0e2addbb1a1caf30",
    "scripts/stamp.test.ts": "bd892f27f7ad67e1a0b2817541fb20c511bd968c50caf7c7b881f1997e3f381c",
    "scripts/sync-dev-rauthy-secret.mjs": "1f7e2c526c9c25a60abe592e84c68e755c503eaf2382d3a5d159fc8184e5b663",
    "scripts/verify-born-with.mjs": "e11550135fc45b2dbbd31b1b591df8e03123f649bbc457f2ea515fcf61089f19",
    "scripts/verify-born-with.test.ts": "9ba3c9ee7b41e393cf88e5c7d08706dc96416f24d24df87d8c796fc71b2f4d10",
    "spec-spine.toml": "091e93bc1060b557214bcaa539661cc252a4524da36e0e51432f11d8587c7883",
    "specs/000-bootstrap/spec.md": "30d33b4b7b78907095f726d9b88d80f9880ae0ff993c240048c3c5b937cf74d6",
    "specs/001-enrahitu-architecture/spec.md": "9ff35c66711b45bc7757dff47f661fda2cb1c89a548b15990141d89a04cb632e",
    "specs/002-in-process-hiqlite/spec.md": "beabaf6358ae480b866e81b1d8d8f0ac7dbbd7fdc466a897d9f2f44cbddb56d6",
    "specs/003-coreledger/spec.md": "4fd49429f898a1cb1f3daf34143d892ca0dc2fcc20c8578709033de82dd5e1b1",
    "specs/004-auth-core/spec.md": "b409d86d68b32fd70cb4f6e24f26b79f73bebad4e2df7cd4f035506443e9fdee",
    "specs/005-rauthy-same-origin/spec.md": "25912bfde53bcc44215784193b7dfb5b41d2abda07e8619842e3050441dc74c6",
    "specs/006-webapp-spa/spec.md": "a64c98d36cc626b396940b13a84a7fdca6e8009602d673f3ae3ba9b18eadec2f",
    "specs/007-single-container-packaging/spec.md": "6f47b8f8884efcce99182904ee43f4b6fe2f64dafec00998b369dd501f147870",
    "specs/008-vendored-encore-toolchain/spec.md": "e6c99afa8b8a2715b6563cdb52599a87b70ac88c57e9f02d80bb58cdb4126c3c",
    "specs/009-template-contract/spec.md": "9a71d2dd65b662f7875d50a171fcf5301f61c6e5699e5b4f536d87d56c839559",
    "specs/010-template-encore-absorption/spec.md": "121caba2f13af27fda1c1a33bb9d0f7aa78afe76453b69bd686bbf778009ba0b",
    "specs/011-coreledger-postgres-driver/spec.md": "7f35ac240e480d17fc129f5d50677a5dda19263229d4a789cca400252d535174",
    "specs/012-born-with-provenance/spec.md": "71ffb032bf0c0962a803135ff59116128c6014c0dbb19f1e7ed15501069597c4",
    "specs/013-pages-deploy-slot/spec.md": "fdfac2e45b9796246dd066b1607f1364d183cec932c9ca4b0217eb7a67651354",
    "specs/014-scaffold-verb/spec.md": "b452f8ca32b771bfd36c0b2c3716eb12b8b73cd8ba51650c88da5f3b7b4dd083",
    "specs/015-react-rr7-flavor/spec.md": "28b8beaeca55d9ca9fdab331b6093c8c50f22594e32d56d65922aa6683958ad7",
    "specs/016-amd64-image/spec.md": "65be20182f177fd184872d20eb2440d5fb359bc9b362c9ac664636c589136f82",
    "specs/017-idp-login-e2e/spec.md": "74057953945321effc801be98436b078ec568d677d82c88136229bf32242f3a1",
    "specs/018-packaged-chassis/spec.md": "085cea49a5368b9b49b3820c1e2e9f09c05dfd672698b438b58cb0edfbfe5344",
    "specs/019-two-directory-layout/spec.md": "fb9862d9f3bdb859ba5e74e0fc67cc9932464701340e030e8e774ca436d35446",
    "specs/020-app-model-contract/spec.md": "dcdeb45ade74e9468c25fd8070eaca71f62cc082e4fe58a0bea048eb593b46ca",
    "specs/021-kernel-native-consumption/spec.md": "cca74624195d04d23555d7856955023ecbb10b672d851a626015e6d9fbbd1a31",
    "specs/022-observability-contract/spec.md": "28d8c5aac0e81c05e8bec2b9dfa15f09cdec95232277a85fe472a4e5896c9d84",
    "specs/023-frontend-admin/spec.md": "57363be4cc6c10008ff5ab88ab0651428fcffff5b0a7fd3ab55b57a6be5244a3",
    "specs/024-decision-chain-integrity/spec.md": "ea4782bc8791a317b5a553340c6d9ca722fb7575c82afde2ba8e175979474869",
    "specs/025-substrate-hardening/spec.md": "6e77b29d83e347399c949a1245059435ef75c38b0958700ca74272390254caf2",
    "specs/026-idp-mail-delivery/spec.md": "4d2a382ed1401771d232329b4f1dc740c2ef26af913587719fc3cd0d65d16003",
    "specs/027-operational-verbs/spec.md": "71fbbe933b4bfb03f55e49691eb73e44b3bffe1b1eb372c66a5297fb41d5c1b5",
    "specs/028-operator-documentation/spec.md": "61cb6fc10e058621b4f707fef4c0e53e266c30863b03c18b71d94effbb3c5b43",
    "specs/029-supply-chain-provenance/spec.md": "b89d410952ae7d5ed726cc9aeec64578579ea60b8e6f1cba36f1169f31812ec3",
    "specs/030-infra-topology/spec.md": "3efa5790ad1738e8e4386e676166b307c2b6e82bf570d722b3e8e210c82203f2",
    "specs/031-admin-evidence-export/spec.md": "6c60adafeb5a1217db795b5828bbcc2715aba9b12862766ff5144ce9d1904cc4",
    "specs/032-hiqlite-interface-contract/spec.md": "8d4d8ba94669d0a8fae6acb26bc72a8f85241dcdd9843514db69e0b50d8fb4ae",
    "specs/033-dev-substrate/spec.md": "9347629ad945ce50f76171ca99e143939a1e48a3652bad0fed798dd6246d2b75",
    "specs/034-control-plane/spec.md": "5befaa94096acc3430111868bfd4a817cf5b868af493f642ef6a07f8c696b535",
    "specs/035-chassis-boundary/spec.md": "dfa5cd3a28104ad752ea97d0b274ebd8129f6feff98518f248e4f078a24dfa53",
    "specs/036-membership-core/spec.md": "e125462e5f6cc9fde5074fe16fb56fb8d4c6f0e4bb2391abf056577f7f47f902",
    "specs/037-app-mail/spec.md": "e497b1ddc35b1d083dd66fd6c68997b897d9104c8e4425619acff87bde2df58c",
    "specs/038-board-governance/spec.md": "144d5ea0432fb0b03da8eeca1dc16e371e593b646ee91fc57558858f21244ba4",
    "standards/spec/constitution.md": "397cffd4acc1d6bf534180db9dd420d33c8329e91853f95d59c77357e25041aa",
    "standards/spec/contract.md": "f3261c318eafc079019aa1ac521515343ca9164954e396eff7e992e3997a3a97",
    "standards/spec/templates/constitution-template.md": "5a1b426a51edc300f01f96ea08e621021e1773ee499f246942c52b064a7bb465",
    "standards/spec/templates/spec-template.md": "0fa0a3f485fd160848317312a4f4361fca2241c7a67cee1a7eb42b5d68b3d2d3",
    "template.toml": "e0cd782e793d3c9e64e0519511a3b07423eeb289a0681eaaff40f5a83aa23f87",
    "testing/app-harness.ts": "aa08dbeceed620c303a930ab86d9302a8d323a17885a8f3d81a7847bb088c238",
    "testing/endpoints.test.ts": "0b28716f84cc949051365caf29d9109a4e5eac4617790d47a9708ef6ae4d1508",
    "tsconfig.json": "7f9dcc0387e370fc36f30b821a23a64206f64bb84b4ee3f272fc529a555926de",
    "vitest.config.ts": "86824eddeade2c4636372bc857aadd8e2f2b44d02420f103add027df2ec3b53a",
    "vitest.setup.ts": "ebba3494db5c48c5d6845ddf2f352d8bdfecdaa55142d70e511e0e6e8bf8c4fa"
  }
}
